
Microsoft Visual Studio Solution File, Format Version 12.00
# Visual Studio Version 17
VisualStudioVersion = 17.12.35527.113 d17.12
MinimumVisualStudioVersion = 10.0.40219.1
Project("{FAE04EC0-301F-11D3-BF4B-00C04F79EFBC}") = "modul8_103022330036", "modul8_103022330036.csproj", "{B2485980-8A98-44E7-A718-6960C71DC64F}"
EndProject
Global
	GlobalSection(SolutionConfigurationPlatforms) = preSolution
		Debug|Any CPU = Debug|Any CPU
		Release|Any CPU = Release|Any CPU
	EndGlobalSection
	GlobalSection(ProjectConfigurationPlatforms) = postSolution
		{B2485980-8A98-44E7-A718-6960C71DC64F}.Debug|Any CPU.ActiveCfg = Debug|Any CPU
		{B2485980-8A98-44E7-A718-6960C71DC64F}.Debug|Any CPU.Build.0 = Debug|Any CPU
		{B2485980-8A98-44E7-A718-6960C71DC64F}.Release|Any CPU.ActiveCfg = Release|Any CPU
		{B2485980-8A98-44E7-A718-6960C71DC64F}.Release|Any CPU.Build.0 = Release|Any CPU
	EndGlobalSection
	GlobalSection(SolutionProperties) = preSolution
		HideSolutionNode = FALSE
	EndGlobalSection
EndGlobal
